
Microsoft Visual Studio Solution File, Format Version 12.00
# Visual Studio 15
VisualStudioVersion = 15.0.28010.2046
MinimumVisualStudioVersion = 10.0.40219.1
Project("{FAE04EC0-301F-11D3-BF4B-00C04F79EFBC}") = "XAMARIN_BMI2.Android", "XAMARIN_BMI2\XAMARIN_BMI2.Android\XAMARIN_BMI2.Android.csproj", "{24B0AB26-8812-42F6-BDA3-0F9614EAFB1C}"
EndProject
Project("{FAE04EC0-301F-11D3-BF4B-00C04F79EFBC}") = "XAMARIN_BMI2.iOS", "XAMARIN_BMI2\XAMARIN_BMI2.iOS\XAMARIN_BMI2.iOS.csproj", "{C626BF92-7173-4F2B-B1A0-9D6E9A5D9CFB}"
EndProject
Project("{FAE04EC0-301F-11D3-BF4B-00C04F79EFBC}") = "XAMARIN_BMI2", "XAMARIN_BMI2\XAMARIN_BMI2\XAMARIN_BMI2.csproj", "{53753148-CBC0-49EE-876C-36127F644B5A}"
EndProject
Global
	GlobalSection(SolutionConfigurationPlatforms) = preSolution
		Ad-Hoc|Any CPU = Ad-Hoc|Any CPU
		Ad-Hoc|iPhone = Ad-Hoc|iPhone
		Ad-Hoc|iPhoneSimulator = Ad-Hoc|iPhoneSimulator
		AppStore|Any CPU = AppStore|Any CPU
		AppStore|iPhone = AppStore|iPhone
		AppStore|iPhoneSimulator = AppStore|iPhoneSimulator
		Debug|Any CPU = Debug|Any CPU
		Debug|iPhone = Debug|iPhone
		Debug|iPhoneSimulator = Debug|iPhoneSimulator
		Release|Any CPU = Release|Any CPU
		Release|iPhone = Release|iPhone
		Release|iPhoneSimulator = Release|iPhoneSimulator
	EndGlobalSection
	GlobalSection(ProjectConfigurationPlatforms) = postSolution
		{24B0AB26-8812-42F6-BDA3-0F9614EAFB1C}.Ad-Hoc|Any CPU.ActiveCfg = Release|Any CPU
		{24B0AB26-8812-42F6-BDA3-0F9614EAFB1C}.Ad-Hoc|Any CPU.Build.0 = Release|Any CPU
		{24B0AB26-8812-42F6-BDA3-0F9614EAFB1C}.Ad-Hoc|Any CPU.Deploy.0 = Release|Any CPU
		{24B0AB26-8812-42F6-BDA3-0F9614EAFB1C}.Ad-Hoc|iPhone.ActiveCfg = Release|Any CPU
		{24B0AB26-8812-42F6-BDA3-0F9614EAFB1C}.Ad-Hoc|iPhone.Build.0 = Release|Any CPU
		{24B0AB26-8812-42F6-BDA3-0F9614EAFB1C}.Ad-Hoc|iPhone.Deploy.0 = Release|Any CPU
		{24B0AB26-8812-42F6-BDA3-0F9614EAFB1C}.Ad-Hoc|iPhoneSimulator.ActiveCfg = Release|Any CPU
		{24B0AB26-8812-42F6-BDA3-0F9614EAFB1C}.Ad-Hoc|iPhoneSimulator.Build.0 = Release|Any CPU
		{24B0AB26-8812-42F6-BDA3-0F9614EAFB1C}.Ad-Hoc|iPhoneSimulator.Deploy.0 = Release|Any CPU
		{24B0AB26-8812-42F6-BDA3-0F9614EAFB1C}.AppStore|Any CPU.ActiveCfg = Release|Any CPU
		{24B0AB26-8812-42F6-BDA3-0F9614EAFB1C}.AppStore|Any CPU.Build.0 = Release|Any CPU
		{24B0AB26-8812-42F6-BDA3-0F9614EAFB1C}.AppStore|Any CPU.Deploy.0 = Release|Any CPU
		{24B0AB26-8812-42F6-BDA3-0F9614EAFB1C}.AppStore|iPhone.ActiveCfg = Release|Any CPU
		{24B0AB26-8812-42F6-BDA3-0F9614EAFB1C}.AppStore|iPhone.Build.0 = Release|Any CPU
		{24B0AB26-8812-42F6-BDA3-0F9614EAFB1C}.AppStore|iPhone.Deploy.0 = Release|Any CPU
		{24B0AB26-8812-42F6-BDA3-0F9614EAFB1C}.AppStore|iPhoneSimulator.ActiveCfg = Release|Any CPU
		{24B0AB26-8812-42F6-BDA3-0F9614EAFB1C}.AppStore|iPhoneSimulator.Build.0 = Release|Any CPU
		{24B0AB26-8812-42F6-BDA3-0F9614EAFB1C}.AppStore|iPhoneSimulator.Deploy.0 = Release|Any CPU
		{24B0AB26-8812-42F6-BDA3-0F9614EAFB1C}.Debug|Any CPU.ActiveCfg = Debug|Any CPU
		{24B0AB26-8812-42F6-BDA3-0F9614EAFB1C}.Debug|Any CPU.Build.0 = Debug|Any CPU
		{24B0AB26-8812-42F6-BDA3-0F9614EAFB1C}.Debug|Any CPU.Deploy.0 = Debug|Any CPU
		{24B0AB26-8812-42F6-BDA3-0F9614EAFB1C}.Debug|iPhone.ActiveCfg = Debug|Any CPU
		{24B0AB26-8812-42F6-BDA3-0F9614EAFB1C}.Debug|iPhone.Build.0 = Debug|Any CPU
		{24B0AB26-8812-42F6-BDA3-0F9614EAFB1C}.Debug|iPhone.Deploy.0 = Debug|Any CPU
		{24B0AB26-8812-42F6-BDA3-0F9614EAFB1C}.Debug|iPhoneSimulator.ActiveCfg = Debug|Any CPU
		{24B0AB26-8812-42F6-BDA3-0F9614EAFB1C}.Debug|iPhoneSimulator.Build.0 = Debug|Any CPU
		{24B0AB26-8812-42F6-BDA3-0F9614EAFB1C}.Debug|iPhoneSimulator.Deploy.0 = Debug|Any CPU
		{24B0AB26-8812-42F6-BDA3-0F9614EAFB1C}.Release|Any CPU.ActiveCfg = Release|Any CPU
		{24B0AB26-8812-42F6-BDA3-0F9614EAFB1C}.Release|Any CPU.Build.0 = Release|Any CPU
		{24B0AB26-8812-42F6-BDA3-0F9614EAFB1C}.Release|Any CPU.Deploy.0 = Release|Any CPU
		{24B0AB26-8812-42F6-BDA3-0F9614EAFB1C}.Release|iPhone.ActiveCfg = Release|Any CPU
		{24B0AB26-8812-42F6-BDA3-0F9614EAFB1C}.Release|iPhone.Build.0 = Release|Any CPU
		{24B0AB26-8812-42F6-BDA3-0F9614EAFB1C}.Release|iPhone.Deploy.0 = Release|Any CPU
		{24B0AB26-8812-42F6-BDA3-0F9614EAFB1C}.Release|iPhoneSimulator.ActiveCfg = Release|Any CPU
		{24B0AB26-8812-42F6-BDA3-0F9614EAFB1C}.Release|iPhoneSimulator.Build.0 = Release|Any CPU
		{24B0AB26-8812-42F6-BDA3-0F9614EAFB1C}.Release|iPhoneSimulator.Deploy.0 = Release|Any CPU
		{C626BF92-7173-4F2B-B1A0-9D6E9A5D9CFB}.Ad-Hoc|Any CPU.ActiveCfg = Ad-Hoc|iPhone
		{C626BF92-7173-4F2B-B1A0-9D6E9A5D9CFB}.Ad-Hoc|Any CPU.Build.0 = Ad-Hoc|iPhone
		{C626BF92-7173-4F2B-B1A0-9D6E9A5D9CFB}.Ad-Hoc|Any CPU.Deploy.0 = Ad-Hoc|iPhone
		{C626BF92-7173-4F2B-B1A0-9D6E9A5D9CFB}.Ad-Hoc|iPhone.ActiveCfg = Ad-Hoc|iPhone
		{C626BF92-7173-4F2B-B1A0-9D6E9A5D9CFB}.Ad-Hoc|iPhone.Build.0 = Ad-Hoc|iPhone
		{C626BF92-7173-4F2B-B1A0-9D6E9A5D9CFB}.Ad-Hoc|iPhone.Deploy.0 = Ad-Hoc|iPhone
		{C626BF92-7173-4F2B-B1A0-9D6E9A5D9CFB}.Ad-Hoc|iPhoneSimulator.ActiveCfg = Ad-Hoc|iPhoneSimulator
		{C626BF92-7173-4F2B-B1A0-9D6E9A5D9CFB}.Ad-Hoc|iPhoneSimulator.Build.0 = Ad-Hoc|iPhoneSimulator
		{C626BF92-7173-4F2B-B1A0-9D6E9A5D9CFB}.Ad-Hoc|iPhoneSimulator.Deploy.0 = Ad-Hoc|iPhoneSimulator
		{C626BF92-7173-4F2B-B1A0-9D6E9A5D9CFB}.AppStore|Any CPU.ActiveCfg = AppStore|iPhone
		{C626BF92-7173-4F2B-B1A0-9D6E9A5D9CFB}.AppStore|Any CPU.Build.0 = AppStore|iPhone
		{C626BF92-7173-4F2B-B1A0-9D6E9A5D9CFB}.AppStore|Any CPU.Deploy.0 = AppStore|iPhone
		{C626BF92-7173-4F2B-B1A0-9D6E9A5D9CFB}.AppStore|iPhone.ActiveCfg = AppStore|iPhone
		{C626BF92-7173-4F2B-B1A0-9D6E9A5D9CFB}.AppStore|iPhone.Build.0 = AppStore|iPhone
		{C626BF92-7173-4F2B-B1A0-9D6E9A5D9CFB}.AppStore|iPhone.Deploy.0 = AppStore|iPhone
		{C626BF92-7173-4F2B-B1A0-9D6E9A5D9CFB}.AppStore|iPhoneSimulator.ActiveCfg = AppStore|iPhoneSimulator
		{C626BF92-7173-4F2B-B1A0-9D6E9A5D9CFB}.AppStore|iPhoneSimulator.Build.0 = AppStore|iPhoneSimulator
		{C626BF92-7173-4F2B-B1A0-9D6E9A5D9CFB}.AppStore|iPhoneSimulator.Deploy.0 = AppStore|iPhoneSimulator
		{C626BF92-7173-4F2B-B1A0-9D6E9A5D9CFB}.Debug|Any CPU.ActiveCfg = Debug|iPhoneSimulator
		{C626BF92-7173-4F2B-B1A0-9D6E9A5D9CFB}.Debug|Any CPU.Build.0 = Debug|iPhoneSimulator
		{C626BF92-7173-4F2B-B1A0-9D6E9A5D9CFB}.Debug|Any CPU.Deploy.0 = Debug|iPhoneSimulator
		{C626BF92-7173-4F2B-B1A0-9D6E9A5D9CFB}.Debug|iPhone.ActiveCfg = Debug|iPhone
		{C626BF92-7173-4F2B-B1A0-9D6E9A5D9CFB}.Debug|iPhone.Build.0 = Debug|iPhone
		{C626BF92-7173-4F2B-B1A0-9D6E9A5D9CFB}.Debug|iPhone.Deploy.0 = Debug|iPhone
		{C626BF92-7173-4F2B-B1A0-9D6E9A5D9CFB}.Debug|iPhoneSimulator.ActiveCfg = Debug|iPhoneSimulator
		{C626BF92-7173-4F2B-B1A0-9D6E9A5D9CFB}.Debug|iPhoneSimulator.Build.0 = Debug|iPhoneSimulator
		{C626BF92-7173-4F2B-B1A0-9D6E9A5D9CFB}.Debug|iPhoneSimulator.Deploy.0 = Debug|iPhoneSimulator
		{C626BF92-7173-4F2B-B1A0-9D6E9A5D9CFB}.Release|Any CPU.ActiveCfg = Release|iPhone
		{C626BF92-7173-4F2B-B1A0-9D6E9A5D9CFB}.Release|Any CPU.Build.0 = Release|iPhone
		{C626BF92-7173-4F2B-B1A0-9D6E9A5D9CFB}.Release|Any CPU.Deploy.0 = Release|iPhone
		{C626BF92-7173-4F2B-B1A0-9D6E9A5D9CFB}.Release|iPhone.ActiveCfg = Release|iPhone
		{C626BF92-7173-4F2B-B1A0-9D6E9A5D9CFB}.Release|iPhone.Build.0 = Release|iPhone
		{C626BF92-7173-4F2B-B1A0-9D6E9A5D9CFB}.Release|iPhone.Deploy.0 = Release|iPhone
		{C626BF92-7173-4F2B-B1A0-9D6E9A5D9CFB}.Release|iPhoneSimulator.ActiveCfg = Release|iPhoneSimulator
		{C626BF92-7173-4F2B-B1A0-9D6E9A5D9CFB}.Release|iPhoneSimulator.Build.0 = Release|iPhoneSimulator
		{C626BF92-7173-4F2B-B1A0-9D6E9A5D9CFB}.Release|iPhoneSimulator.Deploy.0 = Release|iPhoneSimulator
		{53753148-CBC0-49EE-876C-36127F644B5A}.Ad-Hoc|Any CPU.ActiveCfg = Debug|Any CPU
		{53753148-CBC0-49EE-876C-36127F644B5A}.Ad-Hoc|Any CPU.Build.0 = Debug|Any CPU
		{53753148-CBC0-49EE-876C-36127F644B5A}.Ad-Hoc|Any CPU.Deploy.0 = Debug|Any CPU
		{53753148-CBC0-49EE-876C-36127F644B5A}.Ad-Hoc|iPhone.ActiveCfg = Debug|Any CPU
		{53753148-CBC0-49EE-876C-36127F644B5A}.Ad-Hoc|iPhone.Build.0 = Debug|Any CPU
		{53753148-CBC0-49EE-876C-36127F644B5A}.Ad-Hoc|iPhone.Deploy.0 = Debug|Any CPU
		{53753148-CBC0-49EE-876C-36127F644B5A}.Ad-Hoc|iPhoneSimulator.ActiveCfg = Debug|Any CPU
		{53753148-CBC0-49EE-876C-36127F644B5A}.Ad-Hoc|iPhoneSimulator.Build.0 = Debug|Any CPU
		{53753148-CBC0-49EE-876C-36127F644B5A}.Ad-Hoc|iPhoneSimulator.Deploy.0 = Debug|Any CPU
		{53753148-CBC0-49EE-876C-36127F644B5A}.AppStore|Any CPU.ActiveCfg = Debug|Any CPU
		{53753148-CBC0-49EE-876C-36127F644B5A}.AppStore|Any CPU.Build.0 = Debug|Any CPU
		{53753148-CBC0-49EE-876C-36127F644B5A}.AppStore|Any CPU.Deploy.0 = Debug|Any CPU
		{53753148-CBC0-49EE-876C-36127F644B5A}.AppStore|iPhone.ActiveCfg = Debug|Any CPU
		{53753148-CBC0-49EE-876C-36127F644B5A}.AppStore|iPhone.Build.0 = Debug|Any CPU
		{53753148-CBC0-49EE-876C-36127F644B5A}.AppStore|iPhone.Deploy.0 = Debug|Any CPU
		{53753148-CBC0-49EE-876C-36127F644B5A}.AppStore|iPhoneSimulator.ActiveCfg = Debug|Any CPU
		{53753148-CBC0-49EE-876C-36127F644B5A}.AppStore|iPhoneSimulator.Build.0 = Debug|Any CPU
		{53753148-CBC0-49EE-876C-36127F644B5A}.AppStore|iPhoneSimulator.Deploy.0 = Debug|Any CPU
		{53753148-CBC0-49EE-876C-36127F644B5A}.Debug|Any CPU.ActiveCfg = Debug|Any CPU
		{53753148-CBC0-49EE-876C-36127F644B5A}.Debug|Any CPU.Build.0 = Debug|Any CPU
		{53753148-CBC0-49EE-876C-36127F644B5A}.Debug|Any CPU.Deploy.0 = Debug|Any CPU
		{53753148-CBC0-49EE-876C-36127F644B5A}.Debug|iPhone.ActiveCfg = Debug|Any CPU
		{53753148-CBC0-49EE-876C-36127F644B5A}.Debug|iPhone.Build.0 = Debug|Any CPU
		{53753148-CBC0-49EE-876C-36127F644B5A}.Debug|iPhone.Deploy.0 = Debug|Any CPU
		{53753148-CBC0-49EE-876C-36127F644B5A}.Debug|iPhoneSimulator.ActiveCfg = Debug|Any CPU
		{53753148-CBC0-49EE-876C-36127F644B5A}.Debug|iPhoneSimulator.Build.0 = Debug|Any CPU
		{53753148-CBC0-49EE-876C-36127F644B5A}.Debug|iPhoneSimulator.Deploy.0 = Debug|Any CPU
		{53753148-CBC0-49EE-876C-36127F644B5A}.Release|Any CPU.ActiveCfg = Release|Any CPU
		{53753148-CBC0-49EE-876C-36127F644B5A}.Release|Any CPU.Build.0 = Release|Any CPU
		{53753148-CBC0-49EE-876C-36127F644B5A}.Release|Any CPU.Deploy.0 = Release|Any CPU
		{53753148-CBC0-49EE-876C-36127F644B5A}.Release|iPhone.ActiveCfg = Release|Any CPU
		{53753148-CBC0-49EE-876C-36127F644B5A}.Release|iPhone.Build.0 = Release|Any CPU
		{53753148-CBC0-49EE-876C-36127F644B5A}.Release|iPhone.Deploy.0 = Release|Any CPU
		{53753148-CBC0-49EE-876C-36127F644B5A}.Release|iPhoneSimulator.ActiveCfg = Release|Any CPU
		{53753148-CBC0-49EE-876C-36127F644B5A}.Release|iPhoneSimulator.Build.0 = Release|Any CPU
		{53753148-CBC0-49EE-876C-36127F644B5A}.Release|iPhoneSimulator.Deploy.0 = Release|Any CPU
	EndGlobalSection
	GlobalSection(SolutionProperties) = preSolution
		HideSolutionNode = FALSE
	EndGlobalSection
	GlobalSection(ExtensibilityGlobals) = postSolution
		SolutionGuid = {49B48131-DA04-492C-8542-1DB613589CC6}
	EndGlobalSection
EndGlobal
